
Microsoft Visual Studio Solution File, Format Version 12.00
# Visual Studio Version 17
VisualStudioVersion = 17.1.32414.318
MinimumVisualStudioVersion = 10.0.40219.1
Project("{FAE04EC0-301F-11D3-BF4B-00C04F79EFBC}") = "Bot", "Bot\Bot.csproj", "{541527D2-BB72-4215-AD2B-7F1C6785F713}"
EndProject
Global
	GlobalSection(SolutionConfigurationPlatforms) = preSolution
		Debug|Any CPU = Debug|Any CPU
		Release|Any CPU = Release|Any CPU
	EndGlobalSection
	GlobalSection(ProjectConfigurationPlatforms) = postSolution
		{541527D2-BB72-4215-AD2B-7F1C6785F713}.Debug|Any CPU.ActiveCfg = Debug|Any CPU
		{541527D2-BB72-4215-AD2B-7F1C6785F713}.Debug|Any CPU.Build.0 = Debug|Any CPU
		{541527D2-BB72-4215-AD2B-7F1C6785F713}.Release|Any CPU.ActiveCfg = Release|Any CPU
		{541527D2-BB72-4215-AD2B-7F1C6785F713}.Release|Any CPU.Build.0 = Release|Any CPU
	EndGlobalSection
	GlobalSection(SolutionProperties) = preSolution
		HideSolutionNode = FALSE
	EndGlobalSection
	GlobalSection(ExtensibilityGlobals) = postSolution
		SolutionGuid = {731DDA92-2518-466F-8C36-25B4F3076849}
	EndGlobalSection
EndGlobal
